
Microsoft Visual Studio Solution File, Format Version 12.00
# Visual Studio Version 16
VisualStudioVersion = 16.0.31112.23
MinimumVisualStudioVersion = 10.0.40219.1
Project("{2150E333-8FDC-42A3-9474-1A3956D46DE8}") = "Solution Items", "Solution Items", "{0B19EEE6-D7BF-41CD-884A-6EB31698DCAA}"
EndProject
Project("{FAE04EC0-301F-11D3-BF4B-00C04F79EFBC}") = "Searchlight", "src\Searchlight\Searchlight.csproj", "{CEE9DFAC-4ABE-4558-B9C0-3FD16FFED3AB}"
EndProject
Project("{FAE04EC0-301F-11D3-BF4B-00C04F79EFBC}") = "Searchlight.Tests", "tests\Searchlight.Tests\Searchlight.Tests.csproj", "{C87B0E18-33A4-43FC-BCE7-C0343FC60228}"
EndProject
Project("{2150E333-8FDC-42A3-9474-1A3956D46DE8}") = "Other Files", "Other Files", "{6FA550FB-FF83-4552-A9C0-3F7C2736385D}"
ProjectSection(SolutionItems) = preProject
	Searchlight.nuspec = Searchlight.nuspec
	README.md = README.md
	PatchNotes.md = PatchNotes.md
EndProjectSection
EndProject
Global
	GlobalSection(SolutionConfigurationPlatforms) = preSolution
		Debug|Any CPU = Debug|Any CPU
		Release|Any CPU = Release|Any CPU
	EndGlobalSection
	GlobalSection(ProjectConfigurationPlatforms) = postSolution
		{CEE9DFAC-4ABE-4558-B9C0-3FD16FFED3AB}.Debug|Any CPU.ActiveCfg = Debug|Any CPU
		{CEE9DFAC-4ABE-4558-B9C0-3FD16FFED3AB}.Debug|Any CPU.Build.0 = Debug|Any CPU
		{CEE9DFAC-4ABE-4558-B9C0-3FD16FFED3AB}.Release|Any CPU.ActiveCfg = Release|Any CPU
		{CEE9DFAC-4ABE-4558-B9C0-3FD16FFED3AB}.Release|Any CPU.Build.0 = Release|Any CPU
		{C87B0E18-33A4-43FC-BCE7-C0343FC60228}.Debug|Any CPU.ActiveCfg = Debug|Any CPU
		{C87B0E18-33A4-43FC-BCE7-C0343FC60228}.Debug|Any CPU.Build.0 = Debug|Any CPU
		{C87B0E18-33A4-43FC-BCE7-C0343FC60228}.Release|Any CPU.ActiveCfg = Release|Any CPU
		{C87B0E18-33A4-43FC-BCE7-C0343FC60228}.Release|Any CPU.Build.0 = Release|Any CPU
	EndGlobalSection
	GlobalSection(SolutionProperties) = preSolution
		HideSolutionNode = FALSE
	EndGlobalSection
	GlobalSection(NestedProjects) = preSolution
		{CEE9DFAC-4ABE-4558-B9C0-3FD16FFED3AB} = {0B19EEE6-D7BF-41CD-884A-6EB31698DCAA}
		{C87B0E18-33A4-43FC-BCE7-C0343FC60228} = {0B19EEE6-D7BF-41CD-884A-6EB31698DCAA}
	EndGlobalSection
	GlobalSection(ExtensibilityGlobals) = postSolution
		SolutionGuid = {B73979E0-9FBB-4001-82CF-D56D3519E936}
	EndGlobalSection
EndGlobal
