
Microsoft Visual Studio Solution File, Format Version 12.00
# Visual Studio Version 16
VisualStudioVersion = 16.0.31112.23
MinimumVisualStudioVersion = 10.0.40219.1
Project("{2150E333-8FDC-42A3-9474-1A3956D46DE8}") = "Solution Items", "Solution Items", "{0B19EEE6-D7BF-41CD-884A-6EB31698DCAA}"
EndProject
Project("{2150E333-8FDC-42A3-9474-1A3956D46DE8}") = "Other Files", "Other Files", "{6FA550FB-FF83-4552-A9C0-3F7C2736385D}"
	ProjectSection(SolutionItems) = preProject
		PatchNotes.md = PatchNotes.md
		README.md = README.md
		Searchlight.nuspec = Searchlight.nuspec
		.travis.yml = .travis.yml
	EndProjectSection
EndProject
Project("{2150E333-8FDC-42A3-9474-1A3956D46DE8}") = "net50", "net50", "{796B1681-73F8-47B4-933C-408B7637B0EE}"
EndProject
Project("{2150E333-8FDC-42A3-9474-1A3956D46DE8}") = "net60", "net60", "{9EF63F4D-5F60-4E4F-83EF-D35E52A06AF9}"
EndProject
Project("{2150E333-8FDC-42A3-9474-1A3956D46DE8}") = "netcoreapp31", "netcoreapp31", "{2235516A-8B9A-4C73-8586-D7E8F4951841}"
EndProject
Project("{2150E333-8FDC-42A3-9474-1A3956D46DE8}") = "netstandard20", "netstandard20", "{2F9E2927-E5E9-4757-829D-A349CCF67FF7}"
EndProject
Project("{FAE04EC0-301F-11D3-BF4B-00C04F79EFBC}") = "Searchlight.net50", "src\Searchlight\net50\Searchlight.net50.csproj", "{5A017A55-9CBE-478D-89C0-2DDED8C4F860}"
EndProject
Project("{FAE04EC0-301F-11D3-BF4B-00C04F79EFBC}") = "Searchlight.net60", "src\Searchlight\net60\Searchlight.net60.csproj", "{916A0806-F14D-4731-A570-E6733C21805F}"
EndProject
Project("{FAE04EC0-301F-11D3-BF4B-00C04F79EFBC}") = "Searchlight.netcoreapp31", "src\Searchlight\netcoreapp31\Searchlight.netcoreapp31.csproj", "{40D3E51D-6302-4FFC-AEA3-ED60F4A40605}"
EndProject
Project("{FAE04EC0-301F-11D3-BF4B-00C04F79EFBC}") = "Searchlight.netstandard20", "src\Searchlight\netstandard20\Searchlight.netstandard20.csproj", "{86D03938-62D3-4D42-889B-362BDE8D85EF}"
EndProject
Project("{FAE04EC0-301F-11D3-BF4B-00C04F79EFBC}") = "Searchlight.MongoDB.net50", "src\Searchlight.MongoDB\net50\Searchlight.MongoDB.net50.csproj", "{32F3CE3E-76A3-4DD3-B6F9-26FB485E1FE9}"
EndProject
Project("{FAE04EC0-301F-11D3-BF4B-00C04F79EFBC}") = "Searchlight.MongoDB.net60", "src\Searchlight.MongoDB\net60\Searchlight.MongoDB.net60.csproj", "{4D5BCBCE-64BE-417A-B138-877AF0C697CB}"
EndProject
Project("{FAE04EC0-301F-11D3-BF4B-00C04F79EFBC}") = "Searchlight.MongoDB.netcoreapp31", "src\Searchlight.MongoDB\netcoreapp31\Searchlight.MongoDB.netcoreapp31.csproj", "{7B0D5841-9346-4D10-A255-B6D51C8F5A32}"
EndProject
Project("{FAE04EC0-301F-11D3-BF4B-00C04F79EFBC}") = "Searchlight.MongoDB.netstandard20", "src\Searchlight.MongoDB\netstandard20\Searchlight.MongoDB.netstandard20.csproj", "{7B8C6D75-FD17-4936-8C15-B37C25C2AFE8}"
EndProject
Project("{FAE04EC0-301F-11D3-BF4B-00C04F79EFBC}") = "Searchlight.Tests.net50", "tests\Searchlight.Tests\net50\Searchlight.Tests.net50.csproj", "{E460001A-997B-47C6-AED2-E30041C93751}"
EndProject
Project("{FAE04EC0-301F-11D3-BF4B-00C04F79EFBC}") = "Searchlight.Tests.net60", "tests\Searchlight.Tests\net60\Searchlight.Tests.net60.csproj", "{030602EE-280F-45CA-9C93-F936AE1EB733}"
EndProject
Project("{FAE04EC0-301F-11D3-BF4B-00C04F79EFBC}") = "Searchlight.Tests.netcoreapp31", "tests\Searchlight.Tests\netcoreapp31\Searchlight.Tests.netcoreapp31.csproj", "{8E168AC9-BEE5-4644-B7C6-225EFC2E77BB}"
EndProject
Project("{FAE04EC0-301F-11D3-BF4B-00C04F79EFBC}") = "Searchlight.Tests.netstandard20", "tests\Searchlight.Tests\netstandard20\Searchlight.Tests.netstandard20.csproj", "{DCFB2207-859B-4A8C-8B5B-4180AE7ED697}"
EndProject
Project("{2150E333-8FDC-42A3-9474-1A3956D46DE8}") = "performance", "performance", "{B82A1F8F-20CD-4B7A-A516-30AD31DA2614}"
EndProject
Project("{FAE04EC0-301F-11D3-BF4B-00C04F79EFBC}") = "SearchlightPerformance", "src\SearchlightPerformance\SearchlightPerformance.csproj", "{64285A31-2226-4BF5-A587-0A4E9A90B9C7}"
EndProject
Global
	GlobalSection(SolutionConfigurationPlatforms) = preSolution
		Debug|Any CPU = Debug|Any CPU
		Release|Any CPU = Release|Any CPU
	EndGlobalSection
	GlobalSection(ProjectConfigurationPlatforms) = postSolution
		{5A017A55-9CBE-478D-89C0-2DDED8C4F860}.Debug|Any CPU.ActiveCfg = Debug|Any CPU
		{5A017A55-9CBE-478D-89C0-2DDED8C4F860}.Debug|Any CPU.Build.0 = Debug|Any CPU
		{5A017A55-9CBE-478D-89C0-2DDED8C4F860}.Release|Any CPU.ActiveCfg = Release|Any CPU
		{5A017A55-9CBE-478D-89C0-2DDED8C4F860}.Release|Any CPU.Build.0 = Release|Any CPU
		{916A0806-F14D-4731-A570-E6733C21805F}.Debug|Any CPU.ActiveCfg = Debug|Any CPU
		{916A0806-F14D-4731-A570-E6733C21805F}.Debug|Any CPU.Build.0 = Debug|Any CPU
		{916A0806-F14D-4731-A570-E6733C21805F}.Release|Any CPU.ActiveCfg = Release|Any CPU
		{916A0806-F14D-4731-A570-E6733C21805F}.Release|Any CPU.Build.0 = Release|Any CPU
		{40D3E51D-6302-4FFC-AEA3-ED60F4A40605}.Debug|Any CPU.ActiveCfg = Debug|Any CPU
		{40D3E51D-6302-4FFC-AEA3-ED60F4A40605}.Debug|Any CPU.Build.0 = Debug|Any CPU
		{40D3E51D-6302-4FFC-AEA3-ED60F4A40605}.Release|Any CPU.ActiveCfg = Release|Any CPU
		{40D3E51D-6302-4FFC-AEA3-ED60F4A40605}.Release|Any CPU.Build.0 = Release|Any CPU
		{86D03938-62D3-4D42-889B-362BDE8D85EF}.Debug|Any CPU.ActiveCfg = Debug|Any CPU
		{86D03938-62D3-4D42-889B-362BDE8D85EF}.Debug|Any CPU.Build.0 = Debug|Any CPU
		{86D03938-62D3-4D42-889B-362BDE8D85EF}.Release|Any CPU.ActiveCfg = Release|Any CPU
		{86D03938-62D3-4D42-889B-362BDE8D85EF}.Release|Any CPU.Build.0 = Release|Any CPU
		{32F3CE3E-76A3-4DD3-B6F9-26FB485E1FE9}.Debug|Any CPU.ActiveCfg = Debug|Any CPU
		{32F3CE3E-76A3-4DD3-B6F9-26FB485E1FE9}.Debug|Any CPU.Build.0 = Debug|Any CPU
		{32F3CE3E-76A3-4DD3-B6F9-26FB485E1FE9}.Release|Any CPU.ActiveCfg = Release|Any CPU
		{32F3CE3E-76A3-4DD3-B6F9-26FB485E1FE9}.Release|Any CPU.Build.0 = Release|Any CPU
		{4D5BCBCE-64BE-417A-B138-877AF0C697CB}.Debug|Any CPU.ActiveCfg = Debug|Any CPU
		{4D5BCBCE-64BE-417A-B138-877AF0C697CB}.Debug|Any CPU.Build.0 = Debug|Any CPU
		{4D5BCBCE-64BE-417A-B138-877AF0C697CB}.Release|Any CPU.ActiveCfg = Release|Any CPU
		{4D5BCBCE-64BE-417A-B138-877AF0C697CB}.Release|Any CPU.Build.0 = Release|Any CPU
		{7B0D5841-9346-4D10-A255-B6D51C8F5A32}.Debug|Any CPU.ActiveCfg = Debug|Any CPU
		{7B0D5841-9346-4D10-A255-B6D51C8F5A32}.Debug|Any CPU.Build.0 = Debug|Any CPU
		{7B0D5841-9346-4D10-A255-B6D51C8F5A32}.Release|Any CPU.ActiveCfg = Release|Any CPU
		{7B0D5841-9346-4D10-A255-B6D51C8F5A32}.Release|Any CPU.Build.0 = Release|Any CPU
		{7B8C6D75-FD17-4936-8C15-B37C25C2AFE8}.Debug|Any CPU.ActiveCfg = Debug|Any CPU
		{7B8C6D75-FD17-4936-8C15-B37C25C2AFE8}.Debug|Any CPU.Build.0 = Debug|Any CPU
		{7B8C6D75-FD17-4936-8C15-B37C25C2AFE8}.Release|Any CPU.ActiveCfg = Release|Any CPU
		{7B8C6D75-FD17-4936-8C15-B37C25C2AFE8}.Release|Any CPU.Build.0 = Release|Any CPU
		{E460001A-997B-47C6-AED2-E30041C93751}.Debug|Any CPU.ActiveCfg = Debug|Any CPU
		{E460001A-997B-47C6-AED2-E30041C93751}.Debug|Any CPU.Build.0 = Debug|Any CPU
		{E460001A-997B-47C6-AED2-E30041C93751}.Release|Any CPU.ActiveCfg = Release|Any CPU
		{E460001A-997B-47C6-AED2-E30041C93751}.Release|Any CPU.Build.0 = Release|Any CPU
		{030602EE-280F-45CA-9C93-F936AE1EB733}.Debug|Any CPU.ActiveCfg = Debug|Any CPU
		{030602EE-280F-45CA-9C93-F936AE1EB733}.Debug|Any CPU.Build.0 = Debug|Any CPU
		{030602EE-280F-45CA-9C93-F936AE1EB733}.Release|Any CPU.ActiveCfg = Release|Any CPU
		{030602EE-280F-45CA-9C93-F936AE1EB733}.Release|Any CPU.Build.0 = Release|Any CPU
		{8E168AC9-BEE5-4644-B7C6-225EFC2E77BB}.Debug|Any CPU.ActiveCfg = Debug|Any CPU
		{8E168AC9-BEE5-4644-B7C6-225EFC2E77BB}.Debug|Any CPU.Build.0 = Debug|Any CPU
		{8E168AC9-BEE5-4644-B7C6-225EFC2E77BB}.Release|Any CPU.ActiveCfg = Release|Any CPU
		{8E168AC9-BEE5-4644-B7C6-225EFC2E77BB}.Release|Any CPU.Build.0 = Release|Any CPU
		{DCFB2207-859B-4A8C-8B5B-4180AE7ED697}.Debug|Any CPU.ActiveCfg = Debug|Any CPU
		{DCFB2207-859B-4A8C-8B5B-4180AE7ED697}.Debug|Any CPU.Build.0 = Debug|Any CPU
		{DCFB2207-859B-4A8C-8B5B-4180AE7ED697}.Release|Any CPU.ActiveCfg = Release|Any CPU
		{DCFB2207-859B-4A8C-8B5B-4180AE7ED697}.Release|Any CPU.Build.0 = Release|Any CPU
		{64285A31-2226-4BF5-A587-0A4E9A90B9C7}.Debug|Any CPU.ActiveCfg = Debug|Any CPU
		{64285A31-2226-4BF5-A587-0A4E9A90B9C7}.Debug|Any CPU.Build.0 = Debug|Any CPU
		{64285A31-2226-4BF5-A587-0A4E9A90B9C7}.Release|Any CPU.ActiveCfg = Release|Any CPU
		{64285A31-2226-4BF5-A587-0A4E9A90B9C7}.Release|Any CPU.Build.0 = Release|Any CPU
	EndGlobalSection
	GlobalSection(SolutionProperties) = preSolution
		HideSolutionNode = FALSE
	EndGlobalSection
	GlobalSection(NestedProjects) = preSolution
		{796B1681-73F8-47B4-933C-408B7637B0EE} = {0B19EEE6-D7BF-41CD-884A-6EB31698DCAA}
		{9EF63F4D-5F60-4E4F-83EF-D35E52A06AF9} = {0B19EEE6-D7BF-41CD-884A-6EB31698DCAA}
		{2235516A-8B9A-4C73-8586-D7E8F4951841} = {0B19EEE6-D7BF-41CD-884A-6EB31698DCAA}
		{2F9E2927-E5E9-4757-829D-A349CCF67FF7} = {0B19EEE6-D7BF-41CD-884A-6EB31698DCAA}
		{5A017A55-9CBE-478D-89C0-2DDED8C4F860} = {796B1681-73F8-47B4-933C-408B7637B0EE}
		{916A0806-F14D-4731-A570-E6733C21805F} = {9EF63F4D-5F60-4E4F-83EF-D35E52A06AF9}
		{40D3E51D-6302-4FFC-AEA3-ED60F4A40605} = {2235516A-8B9A-4C73-8586-D7E8F4951841}
		{86D03938-62D3-4D42-889B-362BDE8D85EF} = {2F9E2927-E5E9-4757-829D-A349CCF67FF7}
		{32F3CE3E-76A3-4DD3-B6F9-26FB485E1FE9} = {796B1681-73F8-47B4-933C-408B7637B0EE}
		{4D5BCBCE-64BE-417A-B138-877AF0C697CB} = {9EF63F4D-5F60-4E4F-83EF-D35E52A06AF9}
		{7B0D5841-9346-4D10-A255-B6D51C8F5A32} = {2235516A-8B9A-4C73-8586-D7E8F4951841}
		{7B8C6D75-FD17-4936-8C15-B37C25C2AFE8} = {2F9E2927-E5E9-4757-829D-A349CCF67FF7}
		{E460001A-997B-47C6-AED2-E30041C93751} = {796B1681-73F8-47B4-933C-408B7637B0EE}
		{030602EE-280F-45CA-9C93-F936AE1EB733} = {9EF63F4D-5F60-4E4F-83EF-D35E52A06AF9}
		{8E168AC9-BEE5-4644-B7C6-225EFC2E77BB} = {2235516A-8B9A-4C73-8586-D7E8F4951841}
		{DCFB2207-859B-4A8C-8B5B-4180AE7ED697} = {2F9E2927-E5E9-4757-829D-A349CCF67FF7}
		{B82A1F8F-20CD-4B7A-A516-30AD31DA2614} = {0B19EEE6-D7BF-41CD-884A-6EB31698DCAA}
		{64285A31-2226-4BF5-A587-0A4E9A90B9C7} = {B82A1F8F-20CD-4B7A-A516-30AD31DA2614}
	EndGlobalSection
	GlobalSection(ExtensibilityGlobals) = postSolution
		SolutionGuid = {B73979E0-9FBB-4001-82CF-D56D3519E936}
	EndGlobalSection
EndGlobal
